
Microsoft Visual Studio Solution File, Format Version 12.00
# Visual Studio Version 17
VisualStudioVersion = 17.1.32421.90
MinimumVisualStudioVersion = 10.0.40219.1
Project("{9A19103F-16F7-4668-BE54-9A1E7A4F7556}") = "AspNetCore_EFCoreInMemory", "AspNetCore_EFCoreInMemory\AspNetCore_EFCoreInMemory.csproj", "{EABF04F1-8890-4CF3-9FE0-D8829F3866B4}"
EndProject
Project("{9A19103F-16F7-4668-BE54-9A1E7A4F7556}") = "Domain", "Domain\Domain.csproj", "{CEF8DA41-8D64-43D6-AE6C-24C8E5DCCE92}"
EndProject
Project("{9A19103F-16F7-4668-BE54-9A1E7A4F7556}") = "Data", "Data\Data.csproj", "{7D03C170-87F9-47EB-8751-1AFEAF194F1E}"
EndProject
Project("{9A19103F-16F7-4668-BE54-9A1E7A4F7556}") = "Service", "Service\Service.csproj", "{C6DE714E-302B-4D0A-A119-1E0C29575D08}"
EndProject
Project("{FAE04EC0-301F-11D3-BF4B-00C04F79EFBC}") = "CrossCutting", "CrossCutting\CrossCutting.csproj", "{F6B7A9C5-BC6C-437D-BBD0-4842C29370F9}"
EndProject
Global
	GlobalSection(SolutionConfigurationPlatforms) = preSolution
		Debug|Any CPU = Debug|Any CPU
		Release|Any CPU = Release|Any CPU
	EndGlobalSection
	GlobalSection(ProjectConfigurationPlatforms) = postSolution
		{EABF04F1-8890-4CF3-9FE0-D8829F3866B4}.Debug|Any CPU.ActiveCfg = Debug|Any CPU
		{EABF04F1-8890-4CF3-9FE0-D8829F3866B4}.Debug|Any CPU.Build.0 = Debug|Any CPU
		{EABF04F1-8890-4CF3-9FE0-D8829F3866B4}.Release|Any CPU.ActiveCfg = Release|Any CPU
		{EABF04F1-8890-4CF3-9FE0-D8829F3866B4}.Release|Any CPU.Build.0 = Release|Any CPU
		{CEF8DA41-8D64-43D6-AE6C-24C8E5DCCE92}.Debug|Any CPU.ActiveCfg = Debug|Any CPU
		{CEF8DA41-8D64-43D6-AE6C-24C8E5DCCE92}.Debug|Any CPU.Build.0 = Debug|Any CPU
		{CEF8DA41-8D64-43D6-AE6C-24C8E5DCCE92}.Release|Any CPU.ActiveCfg = Release|Any CPU
		{CEF8DA41-8D64-43D6-AE6C-24C8E5DCCE92}.Release|Any CPU.Build.0 = Release|Any CPU
		{7D03C170-87F9-47EB-8751-1AFEAF194F1E}.Debug|Any CPU.ActiveCfg = Debug|Any CPU
		{7D03C170-87F9-47EB-8751-1AFEAF194F1E}.Debug|Any CPU.Build.0 = Debug|Any CPU
		{7D03C170-87F9-47EB-8751-1AFEAF194F1E}.Release|Any CPU.ActiveCfg = Release|Any CPU
		{7D03C170-87F9-47EB-8751-1AFEAF194F1E}.Release|Any CPU.Build.0 = Release|Any CPU
		{C6DE714E-302B-4D0A-A119-1E0C29575D08}.Debug|Any CPU.ActiveCfg = Debug|Any CPU
		{C6DE714E-302B-4D0A-A119-1E0C29575D08}.Debug|Any CPU.Build.0 = Debug|Any CPU
		{C6DE714E-302B-4D0A-A119-1E0C29575D08}.Release|Any CPU.ActiveCfg = Release|Any CPU
		{C6DE714E-302B-4D0A-A119-1E0C29575D08}.Release|Any CPU.Build.0 = Release|Any CPU
		{F6B7A9C5-BC6C-437D-BBD0-4842C29370F9}.Debug|Any CPU.ActiveCfg = Debug|Any CPU
		{F6B7A9C5-BC6C-437D-BBD0-4842C29370F9}.Debug|Any CPU.Build.0 = Debug|Any CPU
		{F6B7A9C5-BC6C-437D-BBD0-4842C29370F9}.Release|Any CPU.ActiveCfg = Release|Any CPU
		{F6B7A9C5-BC6C-437D-BBD0-4842C29370F9}.Release|Any CPU.Build.0 = Release|Any CPU
	EndGlobalSection
	GlobalSection(SolutionProperties) = preSolution
		HideSolutionNode = FALSE
	EndGlobalSection
	GlobalSection(ExtensibilityGlobals) = postSolution
		SolutionGuid = {4FCAC887-C322-47A0-B32B-50BF3A42F53B}
	EndGlobalSection
EndGlobal
